
Microsoft Visual Studio Solution File, Format Version 12.00
# Visual Studio 15
VisualStudioVersion = 15.0.26430.16
MinimumVisualStudioVersion = 10.0.40219.1
Project("{9A19103F-16F7-4668-BE54-9A1E7A4F7556}") = "OSM.Model", "OSM.Model\OSM.Model.csproj", "{05B9D308-2BE2-452C-9FCF-1B9EE3E0A13A}"
EndProject
Project("{9A19103F-16F7-4668-BE54-9A1E7A4F7556}") = "OSM.Common", "OSM.Common\OSM.Common.csproj", "{573A3754-DA39-4787-9C65-EBB2E7A58D8C}"
EndProject
Project("{9A19103F-16F7-4668-BE54-9A1E7A4F7556}") = "OSM.Data", "OSM.Data\OSM.Data.csproj", "{E3B1BC44-08C5-4DEF-BA7F-02976D9B6286}"
EndProject
Project("{9A19103F-16F7-4668-BE54-9A1E7A4F7556}") = "OSM.Service", "OSM.Service\OSM.Service.csproj", "{5B783793-6CCB-4448-AAE3-CFF165DB13DC}"
EndProject
Project("{FAE04EC0-301F-11D3-BF4B-00C04F79EFBC}") = "OSM.WebCMS", "OSM.WebCMS\OSM.WebCMS.csproj", "{8979A6D8-C317-428B-ADF4-3C2F27283ECB}"
EndProject
Global
	GlobalSection(SolutionConfigurationPlatforms) = preSolution
		Debug|Any CPU = Debug|Any CPU
		Release|Any CPU = Release|Any CPU
	EndGlobalSection
	GlobalSection(ProjectConfigurationPlatforms) = postSolution
		{05B9D308-2BE2-452C-9FCF-1B9EE3E0A13A}.Debug|Any CPU.ActiveCfg = Debug|Any CPU
		{05B9D308-2BE2-452C-9FCF-1B9EE3E0A13A}.Debug|Any CPU.Build.0 = Debug|Any CPU
		{05B9D308-2BE2-452C-9FCF-1B9EE3E0A13A}.Release|Any CPU.ActiveCfg = Release|Any CPU
		{05B9D308-2BE2-452C-9FCF-1B9EE3E0A13A}.Release|Any CPU.Build.0 = Release|Any CPU
		{573A3754-DA39-4787-9C65-EBB2E7A58D8C}.Debug|Any CPU.ActiveCfg = Debug|Any CPU
		{573A3754-DA39-4787-9C65-EBB2E7A58D8C}.Debug|Any CPU.Build.0 = Debug|Any CPU
		{573A3754-DA39-4787-9C65-EBB2E7A58D8C}.Release|Any CPU.ActiveCfg = Release|Any CPU
		{573A3754-DA39-4787-9C65-EBB2E7A58D8C}.Release|Any CPU.Build.0 = Release|Any CPU
		{E3B1BC44-08C5-4DEF-BA7F-02976D9B6286}.Debug|Any CPU.ActiveCfg = Debug|Any CPU
		{E3B1BC44-08C5-4DEF-BA7F-02976D9B6286}.Debug|Any CPU.Build.0 = Debug|Any CPU
		{E3B1BC44-08C5-4DEF-BA7F-02976D9B6286}.Release|Any CPU.ActiveCfg = Release|Any CPU
		{E3B1BC44-08C5-4DEF-BA7F-02976D9B6286}.Release|Any CPU.Build.0 = Release|Any CPU
		{5B783793-6CCB-4448-AAE3-CFF165DB13DC}.Debug|Any CPU.ActiveCfg = Debug|Any CPU
		{5B783793-6CCB-4448-AAE3-CFF165DB13DC}.Debug|Any CPU.Build.0 = Debug|Any CPU
		{5B783793-6CCB-4448-AAE3-CFF165DB13DC}.Release|Any CPU.ActiveCfg = Release|Any CPU
		{5B783793-6CCB-4448-AAE3-CFF165DB13DC}.Release|Any CPU.Build.0 = Release|Any CPU
		{8979A6D8-C317-428B-ADF4-3C2F27283ECB}.Debug|Any CPU.ActiveCfg = Debug|Any CPU
		{8979A6D8-C317-428B-ADF4-3C2F27283ECB}.Debug|Any CPU.Build.0 = Debug|Any CPU
		{8979A6D8-C317-428B-ADF4-3C2F27283ECB}.Release|Any CPU.ActiveCfg = Release|Any CPU
		{8979A6D8-C317-428B-ADF4-3C2F27283ECB}.Release|Any CPU.Build.0 = Release|Any CPU
	EndGlobalSection
	GlobalSection(SolutionProperties) = preSolution
		HideSolutionNode = FALSE
	EndGlobalSection
EndGlobal
